
Microsoft Visual Studio Solution File, Format Version 12.00
# Visual Studio Version 16
VisualStudioVersion = 16.0.30002.166
MinimumVisualStudioVersion = 10.0.40219.1
Project("{9A19103F-16F7-4668-BE54-9A1E7A4F7556}") = "UrlShortner", "UrlShortner\UrlShortner.csproj", "{AE6C1371-6485-4056-A7B0-2F5A4E08C6DF}"
EndProject
Project("{FAE04EC0-301F-11D3-BF4B-00C04F79EFBC}") = "UrlShortner.Data", "UrlShortner.Data\UrlShortner.Data.csproj", "{B073D9F4-2EF3-43A0-ACC5-443B0E88BB86}"
EndProject
Project("{FAE04EC0-301F-11D3-BF4B-00C04F79EFBC}") = "UrlShortner.Service", "UrlShortner.Service\UrlShortner.Service.csproj", "{9F253A5A-064E-4799-AB1E-98522FE8E8F9}"
EndProject
Project("{FAE04EC0-301F-11D3-BF4B-00C04F79EFBC}") = "UrlShortner.Repository", "UrlShortner.Repository\UrlShortner.Repository.csproj", "{27AC5242-2071-44E5-80CA-BB4CF70A692B}"
EndProject
Global
	GlobalSection(SolutionConfigurationPlatforms) = preSolution
		Debug|Any CPU = Debug|Any CPU
		Release|Any CPU = Release|Any CPU
	EndGlobalSection
	GlobalSection(ProjectConfigurationPlatforms) = postSolution
		{AE6C1371-6485-4056-A7B0-2F5A4E08C6DF}.Debug|Any CPU.ActiveCfg = Debug|Any CPU
		{AE6C1371-6485-4056-A7B0-2F5A4E08C6DF}.Debug|Any CPU.Build.0 = Debug|Any CPU
		{AE6C1371-6485-4056-A7B0-2F5A4E08C6DF}.Release|Any CPU.ActiveCfg = Release|Any CPU
		{AE6C1371-6485-4056-A7B0-2F5A4E08C6DF}.Release|Any CPU.Build.0 = Release|Any CPU
		{B073D9F4-2EF3-43A0-ACC5-443B0E88BB86}.Debug|Any CPU.ActiveCfg = Debug|Any CPU
		{B073D9F4-2EF3-43A0-ACC5-443B0E88BB86}.Debug|Any CPU.Build.0 = Debug|Any CPU
		{B073D9F4-2EF3-43A0-ACC5-443B0E88BB86}.Release|Any CPU.ActiveCfg = Release|Any CPU
		{B073D9F4-2EF3-43A0-ACC5-443B0E88BB86}.Release|Any CPU.Build.0 = Release|Any CPU
		{9F253A5A-064E-4799-AB1E-98522FE8E8F9}.Debug|Any CPU.ActiveCfg = Debug|Any CPU
		{9F253A5A-064E-4799-AB1E-98522FE8E8F9}.Debug|Any CPU.Build.0 = Debug|Any CPU
		{9F253A5A-064E-4799-AB1E-98522FE8E8F9}.Release|Any CPU.ActiveCfg = Release|Any CPU
		{9F253A5A-064E-4799-AB1E-98522FE8E8F9}.Release|Any CPU.Build.0 = Release|Any CPU
		{27AC5242-2071-44E5-80CA-BB4CF70A692B}.Debug|Any CPU.ActiveCfg = Debug|Any CPU
		{27AC5242-2071-44E5-80CA-BB4CF70A692B}.Debug|Any CPU.Build.0 = Debug|Any CPU
		{27AC5242-2071-44E5-80CA-BB4CF70A692B}.Release|Any CPU.ActiveCfg = Release|Any CPU
		{27AC5242-2071-44E5-80CA-BB4CF70A692B}.Release|Any CPU.Build.0 = Release|Any CPU
	EndGlobalSection
	GlobalSection(SolutionProperties) = preSolution
		HideSolutionNode = FALSE
	EndGlobalSection
	GlobalSection(ExtensibilityGlobals) = postSolution
		SolutionGuid = {756C66A5-ACA4-4C60-A079-F4AB60C7B422}
	EndGlobalSection
EndGlobal
